# This file was autogenerated by Stack.
# You should not edit this file by hand.
# For more information, please see the documentation at:
#   https://docs.haskellstack.org/en/stable/lock_files

packages:
- completed:
    hackage: memoize-1.1.2@sha256:d7701b55ed63434d1e8b507d0a76bb58f2fe31b7ce329132e1ca808c7001da49,1928
    pantry-tree:
      sha256: 8c99f1a87a270c8b8fb2238a0a94b346a986cb502753162dab909ed8b2ff44ad
      size: 687
  original:
    hackage: memoize-1.1.2
snapshots:
- completed:
    sha256: 1fc72fa74175fa3937b04c648229d601074183539a6f3d5cd49e99561873d79f
    size: 640039
    url: https://raw.githubusercontent.com/commercialhaskell/stackage-snapshots/master/lts/21/10.yaml
  original:
    url: https://raw.githubusercontent.com/commercialhaskell/stackage-snapshots/master/lts/21/10.yaml
